// !$*UTF8*$!
{
	archiveVersion = 1;
	classes = {
	};
	objectVersion = 50;
	objects = {

/* Begin PBXBuildFile section */
		5164EB14249C02E1006811DF /* AppDelegate.swift in Sources */ = {isa = PBXBuildFile; fileRef = 5164EB13249C02E1006811DF /* AppDelegate.swift */; };
		5164EB16249C02E1006811DF /* SceneDelegate.swift in Sources */ = {isa = PBXBuildFile; fileRef = 5164EB15249C02E1006811DF /* SceneDelegate.swift */; };
		5164EB18249C02E1006811DF /* ViewController.swift in Sources */ = {isa = PBXBuildFile; fileRef = 5164EB17249C02E1006811DF /* ViewController.swift */; };
		5164EB1B249C02E1006811DF /* Main.storyboard in Resources */ = {isa = PBXBuildFile; fileRef = 5164EB19249C02E1006811DF /* Main.storyboard */; };
		5164EB1D249C02E3006811DF /* Assets.xcassets in Resources */ = {isa = PBXBuildFile; fileRef = 5164EB1C249C02E3006811DF /* Assets.xcassets */; };
		5164EB20249C02E3006811DF /* LaunchScreen.storyboard in Resources */ = {isa = PBXBuildFile; fileRef = 5164EB1E249C02E3006811DF /* LaunchScreen.storyboard */; };
		5164EB2B249C02E3006811DF /* MemeMe2_0Tests.swift in Sources */ = {isa = PBXBuildFile; fileRef = 5164EB2A249C02E3006811DF /* MemeMe2_0Tests.swift */; };
		5164EB36249C02E3006811DF /* MemeMe2_0UITests.swift in Sources */ = {isa = PBXBuildFile; fileRef = 5164EB35249C02E3006811DF /* MemeMe2_0UITests.swift */; };
		5164EB44249C0316006811DF /* MemeModel.swift in Sources */ = {isa = PBXBuildFile; fileRef = 5164EB43249C0316006811DF /* MemeModel.swift */; };
		5164EB49249C0BED006811DF /* MemeCollectionViewController.swift in Sources */ = {isa = PBXBuildFile; fileRef = 5164EB48249C0BED006811DF /* MemeCollectionViewController.swift */; };
		5164EB4B249C0D15006811DF /* MemeTableViewController.swift in Sources */ = {isa = PBXBuildFile; fileRef = 5164EB4A249C0D15006811DF /* MemeTableViewController.swift */; };
		5164EB4E249E67D1006811DF /* MemeTableViewCell.swift in Sources */ = {isa = PBXBuildFile; fileRef = 5164EB4D249E67D1006811DF /* MemeTableViewCell.swift */; };
		5164EB50249E6ABD006811DF /* MemeCollectionViewCell.swift in Sources */ = {isa = PBXBuildFile; fileRef = 5164EB4F249E6ABD006811DF /* MemeCollectionViewCell.swift */; };
		5164EB52249E6CC3006811DF /* MemeDetailViewController.swift in Sources */ = {isa = PBXBuildFile; fileRef = 5164EB51249E6CC3006811DF /* MemeDetailViewController.swift */; };
/* End PBXBuildFile section */

/* Begin PBXContainerItemProxy section */
		5164EB27249C02E3006811DF /* PBXContainerItemProxy */ = {
			isa = PBXContainerItemProxy;
			containerPortal = 5164EB08249C02E1006811DF /* Project object */;
			proxyType = 1;
			remoteGlobalIDString = 5164EB0F249C02E1006811DF;
			remoteInfo = MemeMe2.0;
		};
		5164EB32249C02E3006811DF /* PBXContainerItemProxy */ = {
			isa = PBXContainerItemProxy;
			containerPortal = 5164EB08249C02E1006811DF /* Project object */;
			proxyType = 1;
			remoteGlobalIDString = 5164EB0F249C02E1006811DF;
			remoteInfo = MemeMe2.0;
		};
/* End PBXContainerItemProxy section */

/* Begin PBXFileReference section */
		5164EB10249C02E1006811DF /* MemeMe2.0.app */ = {isa = PBXFileReference; explicitFileType = wrapper.application; includeInIndex = 0; path = MemeMe2.0.app; sourceTree = BUILT_PRODUCTS_DIR; };
		5164EB13249C02E1006811DF /* AppDelegate.swift */ = {isa = PBXFileReference; lastKnownFileType = sourcecode.swift; path = AppDelegate.swift; sourceTree = "<group>"; };
		5164EB15249C02E1006811DF /* SceneDelegate.swift */ = {isa = PBXFileReference; lastKnownFileType = sourcecode.swift; path = SceneDelegate.swift; sourceTree = "<group>"; };
		5164EB17249C02E1006811DF /* ViewController.swift */ = {isa = PBXFileReference; lastKnownFileType = sourcecode.swift; path = ViewController.swift; sourceTree = "<group>"; };
		5164EB1A249C02E1006811DF /* Base */ = {isa = PBXFileReference; lastKnownFileType = file.storyboard; name = Base; path = Base.lproj/Main.storyboard; sourceTree = "<group>"; };
		5164EB1C249C02E3006811DF /* Assets.xcassets */ = {isa = PBXFileReference; lastKnownFileType = folder.assetcatalog; path = Assets.xcassets; sourceTree = "<group>"; };
		5164EB1F249C02E3006811DF /* Base */ = {isa = PBXFileReference; lastKnownFileType = file.storyboard; name = Base; path = Base.lproj/LaunchScreen.storyboard; sourceTree = "<group>"; };
		5164EB21249C02E3006811DF /* Info.plist */ = {isa = PBXFileReference; lastKnownFileType = text.plist.xml; path = Info.plist; sourceTree = "<group>"; };
		5164EB26249C02E3006811DF /* MemeMe2.0Tests.xctest */ = {isa = PBXFileReference; explicitFileType = wrapper.cfbundle; includeInIndex = 0; path = MemeMe2.0Tests.xctest; sourceTree = BUILT_PRODUCTS_DIR; };
		5164EB2A249C02E3006811DF /* MemeMe2_0Tests.swift */ = {isa = PBXFileReference; lastKnownFileType = sourcecode.swift; path = MemeMe2_0Tests.swift; sourceTree = "<group>"; };
		5164EB2C249C02E3006811DF /* Info.plist */ = {isa = PBXFileReference; lastKnownFileType = text.plist.xml; path = Info.plist; sourceTree = "<group>"; };
		5164EB31249C02E3006811DF /* MemeMe2.0UITests.xctest */ = {isa = PBXFileReference; explicitFileType = wrapper.cfbundle; includeInIndex = 0; path = MemeMe2.0UITests.xctest; sourceTree = BUILT_PRODUCTS_DIR; };
		5164EB35249C02E3006811DF /* MemeMe2_0UITests.swift */ = {isa = PBXFileReference; lastKnownFileType = sourcecode.swift; path = MemeMe2_0UITests.swift; sourceTree = "<group>"; };
		5164EB37249C02E3006811DF /* Info.plist */ = {isa = PBXFileReference; lastKnownFileType = text.plist.xml; path = Info.plist; sourceTree = "<group>"; };
		5164EB43249C0316006811DF /* MemeModel.swift */ = {isa = PBXFileReference; lastKnownFileType = sourcecode.swift; path = MemeModel.swift; sourceTree = "<group>"; };
		5164EB48249C0BED006811DF /* MemeCollectionViewController.swift */ = {isa = PBXFileReference; lastKnownFileType = sourcecode.swift; path = MemeCollectionViewController.swift; sourceTree = "<group>"; };
		5164EB4A249C0D15006811DF /* MemeTableViewController.swift */ = {isa = PBXFileReference; lastKnownFileType = sourcecode.swift; path = MemeTableViewController.swift; sourceTree = "<group>"; };
		5164EB4D249E67D1006811DF /* MemeTableViewCell.swift */ = {isa = PBXFileReference; lastKnownFileType = sourcecode.swift; path = MemeTableViewCell.swift; sourceTree = "<group>"; };
		5164EB4F249E6ABD006811DF /* MemeCollectionViewCell.swift */ = {isa = PBXFileReference; lastKnownFileType = sourcecode.swift; path = MemeCollectionViewCell.swift; sourceTree = "<group>"; };
		5164EB51249E6CC3006811DF /* MemeDetailViewController.swift */ = {isa = PBXFileReference; lastKnownFileType = sourcecode.swift; path = MemeDetailViewController.swift; sourceTree = "<group>"; };
/* End PBXFileReference section */

/* Begin PBXFrameworksBuildPhase section */
		5164EB0D249C02E1006811DF /* Frameworks */ = {
			isa = PBXFrameworksBuildPhase;
			buildActionMask = 2147483647;
			files = (
			);
			runOnlyForDeploymentPostprocessing = 0;
		};
		5164EB23249C02E3006811DF /* Frameworks */ = {
			isa = PBXFrameworksBuildPhase;
			buildActionMask = 2147483647;
			files = (
			);
			runOnlyForDeploymentPostprocessing = 0;
		};
		5164EB2E249C02E3006811DF /* Frameworks */ = {
			isa = PBXFrameworksBuildPhase;
			buildActionMask = 2147483647;
			files = (
			);
			runOnlyForDeploymentPostprocessing = 0;
		};
/* End PBXFrameworksBuildPhase section */

/* Begin PBXGroup section */
		5164EB07249C02E1006811DF = {
			isa = PBXGroup;
			children = (
				5164EB12249C02E1006811DF /* MemeMe2.0 */,
				5164EB47249C0B3C006811DF /* ViewControllers */,
				5164EB29249C02E3006811DF /* MemeMe2.0Tests */,
				5164EB34249C02E3006811DF /* MemeMe2.0UITests */,
				5164EB11249C02E1006811DF /* Products */,
			);
			sourceTree = "<group>";
		};
		5164EB11249C02E1006811DF /* Products */ = {
			isa = PBXGroup;
			children = (
				5164EB10249C02E1006811DF /* MemeMe2.0.app */,
				5164EB26249C02E3006811DF /* MemeMe2.0Tests.xctest */,
				5164EB31249C02E3006811DF /* MemeMe2.0UITests.xctest */,
			);
			name = Products;
			sourceTree = "<group>";
		};
		5164EB12249C02E1006811DF /* MemeMe2.0 */ = {
			isa = PBXGroup;
			children = (
				5164EB4D249E67D1006811DF /* MemeTableViewCell.swift */,
				5164EB4F249E6ABD006811DF /* MemeCollectionViewCell.swift */,
				5164EB13249C02E1006811DF /* AppDelegate.swift */,
				5164EB15249C02E1006811DF /* SceneDelegate.swift */,
				5164EB43249C0316006811DF /* MemeModel.swift */,
				5164EB19249C02E1006811DF /* Main.storyboard */,
				5164EB1C249C02E3006811DF /* Assets.xcassets */,
				5164EB1E249C02E3006811DF /* LaunchScreen.storyboard */,
				5164EB21249C02E3006811DF /* Info.plist */,
			);
			path = MemeMe2.0;
			sourceTree = "<group>";
		};
		5164EB29249C02E3006811DF /* MemeMe2.0Tests */ = {
			isa = PBXGroup;
			children = (
				5164EB2A249C02E3006811DF /* MemeMe2_0Tests.swift */,
				5164EB2C249C02E3006811DF /* Info.plist */,
			);
			path = MemeMe2.0Tests;
			sourceTree = "<group>";
		};
		5164EB34249C02E3006811DF /* MemeMe2.0UITests */ = {
			isa = PBXGroup;
			children = (
				5164EB35249C02E3006811DF /* MemeMe2_0UITests.swift */,
				5164EB37249C02E3006811DF /* Info.plist */,
			);
			path = MemeMe2.0UITests;
			sourceTree = "<group>";
		};
		5164EB47249C0B3C006811DF /* ViewControllers */ = {
			isa = PBXGroup;
			children = (
				5164EB51249E6CC3006811DF /* MemeDetailViewController.swift */,
				5164EB17249C02E1006811DF /* ViewController.swift */,
				5164EB48249C0BED006811DF /* MemeCollectionViewController.swift */,
				5164EB4A249C0D15006811DF /* MemeTableViewController.swift */,
			);
			path = ViewControllers;
			sourceTree = "<group>";
		};
/* End PBXGroup section */

/* Begin PBXNativeTarget section */
		5164EB0F249C02E1006811DF /* MemeMe2.0 */ = {
			isa = PBXNativeTarget;
			buildConfigurationList = 5164EB3A249C02E3006811DF /* Build configuration list for PBXNativeTarget "MemeMe2.0" */;
			buildPhases = (
				5164EB0C249C02E1006811DF /* Sources */,
				5164EB0D249C02E1006811DF /* Frameworks */,
				5164EB0E249C02E1006811DF /* Resources */,
			);
			buildRules = (
			);
			dependencies = (
			);
			name = MemeMe2.0;
			productName = MemeMe2.0;
			productReference = 5164EB10249C02E1006811DF /* MemeMe2.0.app */;
			productType = "com.apple.product-type.application";
		};
		5164EB25249C02E3006811DF /* MemeMe2.0Tests */ = {
			isa = PBXNativeTarget;
			buildConfigurationList = 5164EB3D249C02E3006811DF /* Build configuration list for PBXNativeTarget "MemeMe2.0Tests" */;
			buildPhases = (
				5164EB22249C02E3006811DF /* Sources */,
				5164EB23249C02E3006811DF /* Frameworks */,
				5164EB24249C02E3006811DF /* Resources */,
			);
			buildRules = (
			);
			dependencies = (
				5164EB28249C02E3006811DF /* PBXTargetDependency */,
			);
			name = MemeMe2.0Tests;
			productName = MemeMe2.0Tests;
			productReference = 5164EB26249C02E3006811DF /* MemeMe2.0Tests.xctest */;
			productType = "com.apple.product-type.bundle.unit-test";
		};
		5164EB30249C02E3006811DF /* MemeMe2.0UITests */ = {
			isa = PBXNativeTarget;
			buildConfigurationList = 5164EB40249C02E3006811DF /* Build configuration list for PBXNativeTarget "MemeMe2.0UITests" */;
			buildPhases = (
				5164EB2D249C02E3006811DF /* Sources */,
				5164EB2E249C02E3006811DF /* Frameworks */,
				5164EB2F249C02E3006811DF /* Resources */,
			);
			buildRules = (
			);
			dependencies = (
				5164EB33249C02E3006811DF /* PBXTargetDependency */,
			);
			name = MemeMe2.0UITests;
			productName = MemeMe2.0UITests;
			productReference = 5164EB31249C02E3006811DF /* MemeMe2.0UITests.xctest */;
			productType = "com.apple.product-type.bundle.ui-testing";
		};
/* End PBXNativeTarget section */

/* Begin PBXProject section */
		5164EB08249C02E1006811DF /* Project object */ = {
			isa = PBXProject;
			attributes = {
				KnownAssetTags = (
					MemeDetailViewController,
				);
				LastSwiftUpdateCheck = 1120;
				LastUpgradeCheck = 1120;
				ORGANIZATIONNAME = "Rafif Kalantan";
				TargetAttributes = {
					5164EB0F249C02E1006811DF = {
						CreatedOnToolsVersion = 11.2.1;
					};
					5164EB25249C02E3006811DF = {
						CreatedOnToolsVersion = 11.2.1;
						TestTargetID = 5164EB0F249C02E1006811DF;
					};
					5164EB30249C02E3006811DF = {
						CreatedOnToolsVersion = 11.2.1;
						TestTargetID = 5164EB0F249C02E1006811DF;
					};
				};
			};
			buildConfigurationList = 5164EB0B249C02E1006811DF /* Build configuration list for PBXProject "MemeMe2.0" */;
			compatibilityVersion = "Xcode 9.3";
			developmentRegion = en;
			hasScannedForEncodings = 0;
			knownRegions = (
				en,
				Base,
			);
			mainGroup = 5164EB07249C02E1006811DF;
			productRefGroup = 5164EB11249C02E1006811DF /* Products */;
			projectDirPath = "";
			projectRoot = "";
			targets = (
				5164EB0F249C02E1006811DF /* MemeMe2.0 */,
				5164EB25249C02E3006811DF /* MemeMe2.0Tests */,
				5164EB30249C02E3006811DF /* MemeMe2.0UITests */,
			);
		};
/* End PBXProject section */

/* Begin PBXResourcesBuildPhase section */
		5164EB0E249C02E1006811DF /* Resources */ = {
			isa = PBXResourcesBuildPhase;
			buildActionMask = 2147483647;
			files = (
				5164EB20249C02E3006811DF /* LaunchScreen.storyboard in Resources */,
				5164EB1D249C02E3006811DF /* Assets.xcassets in Resources */,
				5164EB1B249C02E1006811DF /* Main.storyboard in Resources */,
			);
			runOnlyForDeploymentPostprocessing = 0;
		};
		5164EB24249C02E3006811DF /* Resources */ = {
			isa = PBXResourcesBuildPhase;
			buildActionMask = 2147483647;
			files = (
			);
			runOnlyForDeploymentPostprocessing = 0;
		};
		5164EB2F249C02E3006811DF /* Resources */ = {
			isa = PBXResourcesBuildPhase;
			buildActionMask = 2147483647;
			files = (
			);
			runOnlyForDeploymentPostprocessing = 0;
		};
/* End PBXResourcesBuildPhase section */

/* Begin PBXSourcesBuildPhase section */
		5164EB0C249C02E1006811DF /* Sources */ = {
			isa = PBXSourcesBuildPhase;
			buildActionMask = 2147483647;
			files = (
				5164EB18249C02E1006811DF /* ViewController.swift in Sources */,
				5164EB4B249C0D15006811DF /* MemeTableViewController.swift in Sources */,
				5164EB14249C02E1006811DF /* AppDelegate.swift in Sources */,
				5164EB50249E6ABD006811DF /* MemeCollectionViewCell.swift in Sources */,
				5164EB16249C02E1006811DF /* SceneDelegate.swift in Sources */,
				5164EB44249C0316006811DF /* MemeModel.swift in Sources */,
				5164EB4E249E67D1006811DF /* MemeTableViewCell.swift in Sources */,
				5164EB49249C0BED006811DF /* MemeCollectionViewController.swift in Sources */,
				5164EB52249E6CC3006811DF /* MemeDetailViewController.swift in Sources */,
			);
			runOnlyForDeploymentPostprocessing = 0;
		};
		5164EB22249C02E3006811DF /* Sources */ = {
			isa = PBXSourcesBuildPhase;
			buildActionMask = 2147483647;
			files = (
				5164EB2B249C02E3006811DF /* MemeMe2_0Tests.swift in Sources */,
			);
			runOnlyForDeploymentPostprocessing = 0;
		};
		5164EB2D249C02E3006811DF /* Sources */ = {
			isa = PBXSourcesBuildPhase;
			buildActionMask = 2147483647;
			files = (
				5164EB36249C02E3006811DF /* MemeMe2_0UITests.swift in Sources */,
			);
			runOnlyForDeploymentPostprocessing = 0;
		};
/* End PBXSourcesBuildPhase section */

/* Begin PBXTargetDependency section */
		5164EB28249C02E3006811DF /* PBXTargetDependency */ = {
			isa = PBXTargetDependency;
			target = 5164EB0F249C02E1006811DF /* MemeMe2.0 */;
			targetProxy = 5164EB27249C02E3006811DF /* PBXContainerItemProxy */;
		};
		5164EB33249C02E3006811DF /* PBXTargetDependency */ = {
			isa = PBXTargetDependency;
			target = 5164EB0F249C02E1006811DF /* MemeMe2.0 */;
			targetProxy = 5164EB32249C02E3006811DF /* PBXContainerItemProxy */;
		};
/* End PBXTargetDependency section */

/* Begin PBXVariantGroup section */
		5164EB19249C02E1006811DF /* Main.storyboard */ = {
			isa = PBXVariantGroup;
			children = (
				5164EB1A249C02E1006811DF /* Base */,
			);
			name = Main.storyboard;
			sourceTree = "<group>";
		};
		5164EB1E249C02E3006811DF /* LaunchScreen.storyboard */ = {
			isa = PBXVariantGroup;
			children = (
				5164EB1F249C02E3006811DF /* Base */,
			);
			name = LaunchScreen.storyboard;
			sourceTree = "<group>";
		};
/* End PBXVariantGroup section */

/* Begin XCBuildConfiguration section */
		5164EB38249C02E3006811DF /* Debug */ = {
			isa = XCBuildConfiguration;
			buildSettings = {
				ALWAYS_SEARCH_USER_PATHS = NO;
				CLANG_ANALYZER_NONNULL = YES;
				CLANG_ANALYZER_NUMBER_OBJECT_CONVERSION = YES_AGGRESSIVE;
				CLANG_CXX_LANGUAGE_STANDARD = "gnu++14";
				CLANG_CXX_LIBRARY = "libc++";
				CLANG_ENABLE_MODULES = YES;
				CLANG_ENABLE_OBJC_ARC = YES;
				CLANG_ENABLE_OBJC_WEAK = YES;
				CLANG_WARN_BLOCK_CAPTURE_AUTORELEASING = YES;
				CLANG_WARN_BOOL_CONVERSION = YES;
				CLANG_WARN_COMMA = YES;
				CLANG_WARN_CONSTANT_CONVERSION = YES;
				CLANG_WARN_DEPRECATED_OBJC_IMPLEMENTATIONS = YES;
				CLANG_WARN_DIRECT_OBJC_ISA_USAGE = YES_ERROR;
				CLANG_WARN_DOCUMENTATION_COMMENTS = YES;
				CLANG_WARN_EMPTY_BODY = YES;
				CLANG_WARN_ENUM_CONVERSION = YES;
				CLANG_WARN_INFINITE_RECURSION = YES;
				CLANG_WARN_INT_CONVERSION = YES;
				CLANG_WARN_NON_LITERAL_NULL_CONVERSION = YES;
				CLANG_WARN_OBJC_IMPLICIT_RETAIN_SELF = YES;
				CLANG_WARN_OBJC_LITERAL_CONVERSION = YES;
				CLANG_WARN_OBJC_ROOT_CLASS = YES_ERROR;
				CLANG_WARN_RANGE_LOOP_ANALYSIS = YES;
				CLANG_WARN_STRICT_PROTOTYPES = YES;
				CLANG_WARN_SUSPICIOUS_MOVE = YES;
				CLANG_WARN_UNGUARDED_AVAILABILITY = YES_AGGRESSIVE;
				CLANG_WARN_UNREACHABLE_CODE = YES;
				CLANG_WARN__DUPLICATE_METHOD_MATCH = YES;
				COPY_PHASE_STRIP = NO;
				DEBUG_INFORMATION_FORMAT = dwarf;
				ENABLE_STRICT_OBJC_MSGSEND = YES;
				ENABLE_TESTABILITY = YES;
				GCC_C_LANGUAGE_STANDARD = gnu11;
				GCC_DYNAMIC_NO_PIC = NO;
				GCC_NO_COMMON_BLOCKS = YES;
				GCC_OPTIMIZATION_LEVEL = 0;
				GCC_PREPROCESSOR_DEFINITIONS = (
					"DEBUG=1",
					"$(inherited)",
				);
				GCC_WARN_64_TO_32_BIT_CONVERSION = YES;
				GCC_WARN_ABOUT_RETURN_TYPE = YES_ERROR;
				GCC_WARN_UNDECLARED_SELECTOR = YES;
				GCC_WARN_UNINITIALIZED_AUTOS = YES_AGGRESSIVE;
				GCC_WARN_UNUSED_FUNCTION = YES;
				GCC_WARN_UNUSED_VARIABLE = YES;
				IPHONEOS_DEPLOYMENT_TARGET = 13.2;
				MTL_ENABLE_DEBUG_INFO = INCLUDE_SOURCE;
				MTL_FAST_MATH = YES;
				ONLY_ACTIVE_ARCH = YES;
				SDKROOT = iphoneos;
				SWIFT_ACTIVE_COMPILATION_CONDITIONS = DEBUG;
				SWIFT_OPTIMIZATION_LEVEL = "-Onone";
			};
			name = Debug;
		};
		5164EB39249C02E3006811DF /* Release */ = {
			isa = XCBuildConfiguration;
			buildSettings = {
				ALWAYS_SEARCH_USER_PATHS = NO;
				CLANG_ANALYZER_NONNULL = YES;
				CLANG_ANALYZER_NUMBER_OBJECT_CONVERSION = YES_AGGRESSIVE;
				CLANG_CXX_LANGUAGE_STANDARD = "gnu++14";
				CLANG_CXX_LIBRARY = "libc++";
				CLANG_ENABLE_MODULES = YES;
				CLANG_ENABLE_OBJC_ARC = YES;
				CLANG_ENABLE_OBJC_WEAK = YES;
				CLANG_WARN_BLOCK_CAPTURE_AUTORELEASING = YES;
				CLANG_WARN_BOOL_CONVERSION = YES;
				CLANG_WARN_COMMA = YES;
				CLANG_WARN_CONSTANT_CONVERSION = YES;
				CLANG_WARN_DEPRECATED_OBJC_IMPLEMENTATIONS = YES;
				CLANG_WARN_DIRECT_OBJC_ISA_USAGE = YES_ERROR;
				CLANG_WARN_DOCUMENTATION_COMMENTS = YES;
				CLANG_WARN_EMPTY_BODY = YES;
				CLANG_WARN_ENUM_CONVERSION = YES;
				CLANG_WARN_INFINITE_RECURSION = YES;
				CLANG_WARN_INT_CONVERSION = YES;
				CLANG_WARN_NON_LITERAL_NULL_CONVERSION = YES;
				CLANG_WARN_OBJC_IMPLICIT_RETAIN_SELF = YES;
				CLANG_WARN_OBJC_LITERAL_CONVERSION = YES;
				CLANG_WARN_OBJC_ROOT_CLASS = YES_ERROR;
				CLANG_WARN_RANGE_LOOP_ANALYSIS = YES;
				CLANG_WARN_STRICT_PROTOTYPES = YES;
				CLANG_WARN_SUSPICIOUS_MOVE = YES;
				CLANG_WARN_UNGUARDED_AVAILABILITY = YES_AGGRESSIVE;
				CLANG_WARN_UNREACHABLE_CODE = YES;
				CLANG_WARN__DUPLICATE_METHOD_MATCH = YES;
				COPY_PHASE_STRIP = NO;
				DEBUG_INFORMATION_FORMAT = "dwarf-with-dsym";
				ENABLE_NS_ASSERTIONS = NO;
				ENABLE_STRICT_OBJC_MSGSEND = YES;
				GCC_C_LANGUAGE_STANDARD = gnu11;
				GCC_NO_COMMON_BLOCKS = YES;
				GCC_WARN_64_TO_32_BIT_CONVERSION = YES;
				GCC_WARN_ABOUT_RETURN_TYPE = YES_ERROR;
				GCC_WARN_UNDECLARED_SELECTOR = YES;
				GCC_WARN_UNINITIALIZED_AUTOS = YES_AGGRESSIVE;
				GCC_WARN_UNUSED_FUNCTION = YES;
				GCC_WARN_UNUSED_VARIABLE = YES;
				IPHONEOS_DEPLOYMENT_TARGET = 13.2;
				MTL_ENABLE_DEBUG_INFO = NO;
				MTL_FAST_MATH = YES;
				SDKROOT = iphoneos;
				SWIFT_COMPILATION_MODE = wholemodule;
				SWIFT_OPTIMIZATION_LEVEL = "-O";
				VALIDATE_PRODUCT = YES;
			};
			name = Release;
		};
		5164EB3B249C02E3006811DF /* Debug */ = {
			isa = XCBuildConfiguration;
			buildSettings = {
				ASSETCATALOG_COMPILER_APPICON_NAME = AppIcon;
				CODE_SIGN_STYLE = Automatic;
				DEVELOPMENT_TEAM = 2W3MRU5BN9;
				INFOPLIST_FILE = MemeMe2.0/Info.plist;
				LD_RUNPATH_SEARCH_PATHS = (
					"$(inherited)",
					"@executable_path/Frameworks",
				);
				PRODUCT_BUNDLE_IDENTIFIER = "com.Rafif.MemeMe2-0";
				PRODUCT_NAME = "$(TARGET_NAME)";
				SWIFT_VERSION = 5.0;
				TARGETED_DEVICE_FAMILY = "1,2";
			};
			name = Debug;
		};
		5164EB3C249C02E3006811DF /* Release */ = {
			isa = XCBuildConfiguration;
			buildSettings = {
				ASSETCATALOG_COMPILER_APPICON_NAME = AppIcon;
				CODE_SIGN_STYLE = Automatic;
				DEVELOPMENT_TEAM = 2W3MRU5BN9;
				INFOPLIST_FILE = MemeMe2.0/Info.plist;
				LD_RUNPATH_SEARCH_PATHS = (
					"$(inherited)",
					"@executable_path/Frameworks",
				);
				PRODUCT_BUNDLE_IDENTIFIER = "com.Rafif.MemeMe2-0";
				PRODUCT_NAME = "$(TARGET_NAME)";
				SWIFT_VERSION = 5.0;
				TARGETED_DEVICE_FAMILY = "1,2";
			};
			name = Release;
		};
		5164EB3E249C02E3006811DF /* Debug */ = {
			isa = XCBuildConfiguration;
			buildSettings = {
				ALWAYS_EMBED_SWIFT_STANDARD_LIBRARIES = YES;
				BUNDLE_LOADER = "$(TEST_HOST)";
				CODE_SIGN_STYLE = Automatic;
				DEVELOPMENT_TEAM = 2W3MRU5BN9;
				INFOPLIST_FILE = MemeMe2.0Tests/Info.plist;
				IPHONEOS_DEPLOYMENT_TARGET = 13.2;
				LD_RUNPATH_SEARCH_PATHS = (
					"$(inherited)",
					"@executable_path/Frameworks",
					"@loader_path/Frameworks",
				);
				PRODUCT_BUNDLE_IDENTIFIER = "com.Rafif.MemeMe2-0Tests";
				PRODUCT_NAME = "$(TARGET_NAME)";
				SWIFT_VERSION = 5.0;
				TARGETED_DEVICE_FAMILY = "1,2";
				TEST_HOST = "$(BUILT_PRODUCTS_DIR)/MemeMe2.0.app/MemeMe2.0";
			};
			name = Debug;
		};
		5164EB3F249C02E3006811DF /* Release */ = {
			isa = XCBuildConfiguration;
			buildSettings = {
				ALWAYS_EMBED_SWIFT_STANDARD_LIBRARIES = YES;
				BUNDLE_LOADER = "$(TEST_HOST)";
				CODE_SIGN_STYLE = Automatic;
				DEVELOPMENT_TEAM = 2W3MRU5BN9;
				INFOPLIST_FILE = MemeMe2.0Tests/Info.plist;
				IPHONEOS_DEPLOYMENT_TARGET = 13.2;
				LD_RUNPATH_SEARCH_PATHS = (
					"$(inherited)",
					"@executable_path/Frameworks",
					"@loader_path/Frameworks",
				);
				PRODUCT_BUNDLE_IDENTIFIER = "com.Rafif.MemeMe2-0Tests";
				PRODUCT_NAME = "$(TARGET_NAME)";
				SWIFT_VERSION = 5.0;
				TARGETED_DEVICE_FAMILY = "1,2";
				TEST_HOST = "$(BUILT_PRODUCTS_DIR)/MemeMe2.0.app/MemeMe2.0";
			};
			name = Release;
		};
		5164EB41249C02E3006811DF /* Debug */ = {
			isa = XCBuildConfiguration;
			buildSettings = {
				ALWAYS_EMBED_SWIFT_STANDARD_LIBRARIES = YES;
				CODE_SIGN_STYLE = Automatic;
				DEVELOPMENT_TEAM = 2W3MRU5BN9;
				INFOPLIST_FILE = MemeMe2.0UITests/Info.plist;
				LD_RUNPATH_SEARCH_PATHS = (
					"$(inherited)",
					"@executable_path/Frameworks",
					"@loader_path/Frameworks",
				);
				PRODUCT_BUNDLE_IDENTIFIER = "com.Rafif.MemeMe2-0UITests";
				PRODUCT_NAME = "$(TARGET_NAME)";
				SWIFT_VERSION = 5.0;
				TARGETED_DEVICE_FAMILY = "1,2";
				TEST_TARGET_NAME = MemeMe2.0;
			};
			name = Debug;
		};
		5164EB42249C02E3006811DF /* Release */ = {
			isa = XCBuildConfiguration;
			buildSettings = {
				ALWAYS_EMBED_SWIFT_STANDARD_LIBRARIES = YES;
				CODE_SIGN_STYLE = Automatic;
				DEVELOPMENT_TEAM = 2W3MRU5BN9;
				INFOPLIST_FILE = MemeMe2.0UITests/Info.plist;
				LD_RUNPATH_SEARCH_PATHS = (
					"$(inherited)",
					"@executable_path/Frameworks",
					"@loader_path/Frameworks",
				);
				PRODUCT_BUNDLE_IDENTIFIER = "com.Rafif.MemeMe2-0UITests";
				PRODUCT_NAME = "$(TARGET_NAME)";
				SWIFT_VERSION = 5.0;
				TARGETED_DEVICE_FAMILY = "1,2";
				TEST_TARGET_NAME = MemeMe2.0;
			};
			name = Release;
		};
/* End XCBuildConfiguration section */

/* Begin XCConfigurationList section */
		5164EB0B249C02E1006811DF /* Build configuration list for PBXProject "MemeMe2.0" */ = {
			isa = XCConfigurationList;
			buildConfigurations = (
				5164EB38249C02E3006811DF /* Debug */,
				5164EB39249C02E3006811DF /* Release */,
			);
			defaultConfigurationIsVisible = 0;
			defaultConfigurationName = Release;
		};
		5164EB3A249C02E3006811DF /* Build configuration list for PBXNativeTarget "MemeMe2.0" */ = {
			isa = XCConfigurationList;
			buildConfigurations = (
				5164EB3B249C02E3006811DF /* Debug */,
				5164EB3C249C02E3006811DF /* Release */,
			);
			defaultConfigurationIsVisible = 0;
			defaultConfigurationName = Release;
		};
		5164EB3D249C02E3006811DF /* Build configuration list for PBXNativeTarget "MemeMe2.0Tests" */ = {
			isa = XCConfigurationList;
			buildConfigurations = (
				5164EB3E249C02E3006811DF /* Debug */,
				5164EB3F249C02E3006811DF /* Release */,
			);
			defaultConfigurationIsVisible = 0;
			defaultConfigurationName = Release;
		};
		5164EB40249C02E3006811DF /* Build configuration list for PBXNativeTarget "MemeMe2.0UITests" */ = {
			isa = XCConfigurationList;
			buildConfigurations = (
				5164EB41249C02E3006811DF /* Debug */,
				5164EB42249C02E3006811DF /* Release */,
			);
			defaultConfigurationIsVisible = 0;
			defaultConfigurationName = Release;
		};
/* End XCConfigurationList section */
	};
	rootObject = 5164EB08249C02E1006811DF /* Project object */;
}
